
Microsoft Visual Studio Solution File, Format Version 12.00
# Visual Studio Version 16
VisualStudioVersion = 16.0.31321.278
MinimumVisualStudioVersion = 10.0.40219.1
Project("{FAE04EC0-301F-11D3-BF4B-00C04F79EFBC}") = "NorthernLightsHospital", "NorthernLightsHospital.csproj", "{931964F1-EEE0-435C-B393-030EA0D05364}"
EndProject
Global
	GlobalSection(SolutionConfigurationPlatforms) = preSolution
		Debug|Any CPU = Debug|Any CPU
		Release|Any CPU = Release|Any CPU
	EndGlobalSection
	GlobalSection(ProjectConfigurationPlatforms) = postSolution
		{931964F1-EEE0-435C-B393-030EA0D05364}.Debug|Any CPU.ActiveCfg = Debug|Any CPU
		{931964F1-EEE0-435C-B393-030EA0D05364}.Debug|Any CPU.Build.0 = Debug|Any CPU
		{931964F1-EEE0-435C-B393-030EA0D05364}.Release|Any CPU.ActiveCfg = Release|Any CPU
		{931964F1-EEE0-435C-B393-030EA0D05364}.Release|Any CPU.Build.0 = Release|Any CPU
	EndGlobalSection
	GlobalSection(SolutionProperties) = preSolution
		HideSolutionNode = FALSE
	EndGlobalSection
	GlobalSection(ExtensibilityGlobals) = postSolution
		SolutionGuid = {AF896A55-A902-4713-894F-9F6173CCAE34}
	EndGlobalSection
EndGlobal
